// !$*UTF8*$!
{
	archiveVersion = 1;
	classes = {
	};
	objectVersion = 46;
	objects = {

/* Begin PBXBuildFile section */
		119E07D41AF4571300705A09 /* AppDelegate.swift in Sources */ = {isa = PBXBuildFile; fileRef = 119E07D31AF4571300705A09 /* AppDelegate.swift */; };
		119E07D61AF4571300705A09 /* ViewController.swift in Sources */ = {isa = PBXBuildFile; fileRef = 119E07D51AF4571300705A09 /* ViewController.swift */; };
		119E07D81AF4571300705A09 /* Images.xcassets in Resources */ = {isa = PBXBuildFile; fileRef = 119E07D71AF4571300705A09 /* Images.xcassets */; };
		119E07DB1AF4571300705A09 /* Main.storyboard in Resources */ = {isa = PBXBuildFile; fileRef = 119E07D91AF4571300705A09 /* Main.storyboard */; };
		119E07E71AF4571300705A09 /* XimalayaDownloaderTests.swift in Sources */ = {isa = PBXBuildFile; fileRef = 119E07E61AF4571300705A09 /* XimalayaDownloaderTests.swift */; };
		119E07FA1AF7AEEC00705A09 /* HTMLNode.swift in Sources */ = {isa = PBXBuildFile; fileRef = 119E07F71AF7AEEC00705A09 /* HTMLNode.swift */; };
		119E07FB1AF7AEEC00705A09 /* HTMLParser.swift in Sources */ = {isa = PBXBuildFile; fileRef = 119E07F81AF7AEEC00705A09 /* HTMLParser.swift */; };
		119E07FE1AF7B7E200705A09 /* libxml2.dylib in Frameworks */ = {isa = PBXBuildFile; fileRef = 119E07FD1AF7B7E200705A09 /* libxml2.dylib */; };
		119E08321AF7C63200705A09 /* Alamofire.framework in Frameworks */ = {isa = PBXBuildFile; fileRef = 119E08231AF7C61200705A09 /* Alamofire.framework */; };
		119E08331AF7C63200705A09 /* Alamofire.framework in Embed Frameworks */ = {isa = PBXBuildFile; fileRef = 119E08231AF7C61200705A09 /* Alamofire.framework */; settings = {ATTRIBUTES = (CodeSignOnCopy, RemoveHeadersOnCopy, ); }; };
		119E08381AF7CF8300705A09 /* Regex.swift in Sources */ = {isa = PBXBuildFile; fileRef = 119E08371AF7CF8300705A09 /* Regex.swift */; };
		119E083B1AF8A20700705A09 /* WebKit.framework in Frameworks */ = {isa = PBXBuildFile; fileRef = 119E083A1AF8A20700705A09 /* WebKit.framework */; };
/* End PBXBuildFile section */

/* Begin PBXContainerItemProxy section */
		119E07E11AF4571300705A09 /* PBXContainerItemProxy */ = {
			isa = PBXContainerItemProxy;
			containerPortal = 119E07C61AF4571300705A09 /* Project object */;
			proxyType = 1;
			remoteGlobalIDString = 119E07CD1AF4571300705A09;
			remoteInfo = XimalayaDownloader;
		};
		119E08201AF7C61200705A09 /* PBXContainerItemProxy */ = {
			isa = PBXContainerItemProxy;
			containerPortal = 119E08191AF7C61200705A09 /* Alamofire.xcodeproj */;
			proxyType = 2;
			remoteGlobalIDString = F8111E3319A95C8B0040E7D1;
			remoteInfo = "Alamofire iOS";
		};
		119E08221AF7C61200705A09 /* PBXContainerItemProxy */ = {
			isa = PBXContainerItemProxy;
			containerPortal = 119E08191AF7C61200705A09 /* Alamofire.xcodeproj */;
			proxyType = 2;
			remoteGlobalIDString = 4DD67C0B1A5C55C900ED2280;
			remoteInfo = "Alamofire OSX";
		};
		119E08241AF7C61200705A09 /* PBXContainerItemProxy */ = {
			isa = PBXContainerItemProxy;
			containerPortal = 119E08191AF7C61200705A09 /* Alamofire.xcodeproj */;
			proxyType = 2;
			remoteGlobalIDString = F8111E3E19A95C8B0040E7D1;
			remoteInfo = "Alamofire iOS Tests";
		};
		119E08261AF7C61200705A09 /* PBXContainerItemProxy */ = {
			isa = PBXContainerItemProxy;
			containerPortal = 119E08191AF7C61200705A09 /* Alamofire.xcodeproj */;
			proxyType = 2;
			remoteGlobalIDString = F829C6B21A7A94F100A2CD59;
			remoteInfo = "Alamofire OSX Tests";
		};
		119E08341AF7C63200705A09 /* PBXContainerItemProxy */ = {
			isa = PBXContainerItemProxy;
			containerPortal = 119E08191AF7C61200705A09 /* Alamofire.xcodeproj */;
			proxyType = 1;
			remoteGlobalIDString = 4DD67C0A1A5C55C900ED2280;
			remoteInfo = "Alamofire OSX";
		};
/* End PBXContainerItemProxy section */

/* Begin PBXCopyFilesBuildPhase section */
		119E08361AF7C63200705A09 /* Embed Frameworks */ = {
			isa = PBXCopyFilesBuildPhase;
			buildActionMask = 2147483647;
			dstPath = "";
			dstSubfolderSpec = 10;
			files = (
				119E08331AF7C63200705A09 /* Alamofire.framework in Embed Frameworks */,
			);
			name = "Embed Frameworks";
			runOnlyForDeploymentPostprocessing = 0;
		};
/* End PBXCopyFilesBuildPhase section */

/* Begin PBXFileReference section */
		119E07CE1AF4571300705A09 /* XimalayaDownloader.app */ = {isa = PBXFileReference; explicitFileType = wrapper.application; includeInIndex = 0; path = XimalayaDownloader.app; sourceTree = BUILT_PRODUCTS_DIR; };
		119E07D21AF4571300705A09 /* Info.plist */ = {isa = PBXFileReference; lastKnownFileType = text.plist.xml; path = Info.plist; sourceTree = "<group>"; };
		119E07D31AF4571300705A09 /* AppDelegate.swift */ = {isa = PBXFileReference; lastKnownFileType = sourcecode.swift; path = AppDelegate.swift; sourceTree = "<group>"; };
		119E07D51AF4571300705A09 /* ViewController.swift */ = {isa = PBXFileReference; lastKnownFileType = sourcecode.swift; path = ViewController.swift; sourceTree = "<group>"; };
		119E07D71AF4571300705A09 /* Images.xcassets */ = {isa = PBXFileReference; lastKnownFileType = folder.assetcatalog; path = Images.xcassets; sourceTree = "<group>"; };
		119E07DA1AF4571300705A09 /* Base */ = {isa = PBXFileReference; lastKnownFileType = file.storyboard; name = Base; path = Base.lproj/Main.storyboard; sourceTree = "<group>"; };
		119E07E01AF4571300705A09 /* XimalayaDownloaderTests.xctest */ = {isa = PBXFileReference; explicitFileType = wrapper.cfbundle; includeInIndex = 0; path = XimalayaDownloaderTests.xctest; sourceTree = BUILT_PRODUCTS_DIR; };
		119E07E51AF4571300705A09 /* Info.plist */ = {isa = PBXFileReference; lastKnownFileType = text.plist.xml; path = Info.plist; sourceTree = "<group>"; };
		119E07E61AF4571300705A09 /* XimalayaDownloaderTests.swift */ = {isa = PBXFileReference; lastKnownFileType = sourcecode.swift; path = XimalayaDownloaderTests.swift; sourceTree = "<group>"; };
		119E07F71AF7AEEC00705A09 /* HTMLNode.swift */ = {isa = PBXFileReference; fileEncoding = 4; lastKnownFileType = sourcecode.swift; name = HTMLNode.swift; path = ../HTMLNode.swift; sourceTree = "<group>"; };
		119E07F81AF7AEEC00705A09 /* HTMLParser.swift */ = {isa = PBXFileReference; fileEncoding = 4; lastKnownFileType = sourcecode.swift; name = HTMLParser.swift; path = ../HTMLParser.swift; sourceTree = "<group>"; };
		119E07FD1AF7B7E200705A09 /* libxml2.dylib */ = {isa = PBXFileReference; lastKnownFileType = "compiled.mach-o.dylib"; name = libxml2.dylib; path = usr/lib/libxml2.dylib; sourceTree = SDKROOT; };
		119E08031AF7C26000705A09 /* SwiftObjC-Bridging-Header.h */ = {isa = PBXFileReference; fileEncoding = 4; lastKnownFileType = sourcecode.c.h; path = "SwiftObjC-Bridging-Header.h"; sourceTree = "<group>"; };
		119E08191AF7C61200705A09 /* Alamofire.xcodeproj */ = {isa = PBXFileReference; lastKnownFileType = "wrapper.pb-project"; name = Alamofire.xcodeproj; path = "Alamofire-master/Alamofire.xcodeproj"; sourceTree = "<group>"; };
		119E08371AF7CF8300705A09 /* Regex.swift */ = {isa = PBXFileReference; fileEncoding = 4; lastKnownFileType = sourcecode.swift; path = Regex.swift; sourceTree = "<group>"; };
		119E083A1AF8A20700705A09 /* WebKit.framework */ = {isa = PBXFileReference; lastKnownFileType = wrapper.framework; name = WebKit.framework; path = System/Library/Frameworks/WebKit.framework; sourceTree = SDKROOT; };
/* End PBXFileReference section */

/* Begin PBXFrameworksBuildPhase section */
		119E07CB1AF4571300705A09 /* Frameworks */ = {
			isa = PBXFrameworksBuildPhase;
			buildActionMask = 2147483647;
			files = (
				119E083B1AF8A20700705A09 /* WebKit.framework in Frameworks */,
				119E07FE1AF7B7E200705A09 /* libxml2.dylib in Frameworks */,
				119E08321AF7C63200705A09 /* Alamofire.framework in Frameworks */,
			);
			runOnlyForDeploymentPostprocessing = 0;
		};
		119E07DD1AF4571300705A09 /* Frameworks */ = {
			isa = PBXFrameworksBuildPhase;
			buildActionMask = 2147483647;
			files = (
			);
			runOnlyForDeploymentPostprocessing = 0;
		};
/* End PBXFrameworksBuildPhase section */

/* Begin PBXGroup section */
		119E07C51AF4571300705A09 = {
			isa = PBXGroup;
			children = (
				119E083A1AF8A20700705A09 /* WebKit.framework */,
				119E08191AF7C61200705A09 /* Alamofire.xcodeproj */,
				119E07FD1AF7B7E200705A09 /* libxml2.dylib */,
				119E07D01AF4571300705A09 /* XimalayaDownloader */,
				119E07E31AF4571300705A09 /* XimalayaDownloaderTests */,
				119E07CF1AF4571300705A09 /* Products */,
			);
			sourceTree = "<group>";
		};
		119E07CF1AF4571300705A09 /* Products */ = {
			isa = PBXGroup;
			children = (
				119E07CE1AF4571300705A09 /* XimalayaDownloader.app */,
				119E07E01AF4571300705A09 /* XimalayaDownloaderTests.xctest */,
			);
			name = Products;
			sourceTree = "<group>";
		};
		119E07D01AF4571300705A09 /* XimalayaDownloader */ = {
			isa = PBXGroup;
			children = (
				119E07F71AF7AEEC00705A09 /* HTMLNode.swift */,
				119E07F81AF7AEEC00705A09 /* HTMLParser.swift */,
				119E07D31AF4571300705A09 /* AppDelegate.swift */,
				119E07D51AF4571300705A09 /* ViewController.swift */,
				119E07D71AF4571300705A09 /* Images.xcassets */,
				119E07D91AF4571300705A09 /* Main.storyboard */,
				119E07D11AF4571300705A09 /* Supporting Files */,
				119E08031AF7C26000705A09 /* SwiftObjC-Bridging-Header.h */,
				119E08371AF7CF8300705A09 /* Regex.swift */,
			);
			path = XimalayaDownloader;
			sourceTree = "<group>";
		};
		119E07D11AF4571300705A09 /* Supporting Files */ = {
			isa = PBXGroup;
			children = (
				119E07D21AF4571300705A09 /* Info.plist */,
			);
			name = "Supporting Files";
			sourceTree = "<group>";
		};
		119E07E31AF4571300705A09 /* XimalayaDownloaderTests */ = {
			isa = PBXGroup;
			children = (
				119E07E61AF4571300705A09 /* XimalayaDownloaderTests.swift */,
				119E07E41AF4571300705A09 /* Supporting Files */,
			);
			path = XimalayaDownloaderTests;
			sourceTree = "<group>";
		};
		119E07E41AF4571300705A09 /* Supporting Files */ = {
			isa = PBXGroup;
			children = (
				119E07E51AF4571300705A09 /* Info.plist */,
			);
			name = "Supporting Files";
			sourceTree = "<group>";
		};
		119E081A1AF7C61200705A09 /* Products */ = {
			isa = PBXGroup;
			children = (
				119E08211AF7C61200705A09 /* Alamofire.framework */,
				119E08231AF7C61200705A09 /* Alamofire.framework */,
				119E08251AF7C61200705A09 /* Alamofire iOS Tests.xctest */,
				119E08271AF7C61200705A09 /* Alamofire OSX Tests.xctest */,
			);
			name = Products;
			sourceTree = "<group>";
		};
/* End PBXGroup section */

/* Begin PBXNativeTarget section */
		119E07CD1AF4571300705A09 /* XimalayaDownloader */ = {
			isa = PBXNativeTarget;
			buildConfigurationList = 119E07EA1AF4571300705A09 /* Build configuration list for PBXNativeTarget "XimalayaDownloader" */;
			buildPhases = (
				119E07CA1AF4571300705A09 /* Sources */,
				119E07CB1AF4571300705A09 /* Frameworks */,
				119E07CC1AF4571300705A09 /* Resources */,
				119E08361AF7C63200705A09 /* Embed Frameworks */,
			);
			buildRules = (
			);
			dependencies = (
				119E08351AF7C63200705A09 /* PBXTargetDependency */,
			);
			name = XimalayaDownloader;
			productName = XimalayaDownloader;
			productReference = 119E07CE1AF4571300705A09 /* XimalayaDownloader.app */;
			productType = "com.apple.product-type.application";
		};
		119E07DF1AF4571300705A09 /* XimalayaDownloaderTests */ = {
			isa = PBXNativeTarget;
			buildConfigurationList = 119E07ED1AF4571300705A09 /* Build configuration list for PBXNativeTarget "XimalayaDownloaderTests" */;
			buildPhases = (
				119E07DC1AF4571300705A09 /* Sources */,
				119E07DD1AF4571300705A09 /* Frameworks */,
				119E07DE1AF4571300705A09 /* Resources */,
			);
			buildRules = (
			);
			dependencies = (
				119E07E21AF4571300705A09 /* PBXTargetDependency */,
			);
			name = XimalayaDownloaderTests;
			productName = XimalayaDownloaderTests;
			productReference = 119E07E01AF4571300705A09 /* XimalayaDownloaderTests.xctest */;
			productType = "com.apple.product-type.bundle.unit-test";
		};
/* End PBXNativeTarget section */

/* Begin PBXProject section */
		119E07C61AF4571300705A09 /* Project object */ = {
			isa = PBXProject;
			attributes = {
				LastUpgradeCheck = 0630;
				ORGANIZATIONNAME = bindiry;
				TargetAttributes = {
					119E07CD1AF4571300705A09 = {
						CreatedOnToolsVersion = 6.3.1;
					};
					119E07DF1AF4571300705A09 = {
						CreatedOnToolsVersion = 6.3.1;
						TestTargetID = 119E07CD1AF4571300705A09;
					};
				};
			};
			buildConfigurationList = 119E07C91AF4571300705A09 /* Build configuration list for PBXProject "XimalayaDownloader" */;
			compatibilityVersion = "Xcode 3.2";
			developmentRegion = English;
			hasScannedForEncodings = 0;
			knownRegions = (
				en,
				Base,
			);
			mainGroup = 119E07C51AF4571300705A09;
			productRefGroup = 119E07CF1AF4571300705A09 /* Products */;
			projectDirPath = "";
			projectReferences = (
				{
					ProductGroup = 119E081A1AF7C61200705A09 /* Products */;
					ProjectRef = 119E08191AF7C61200705A09 /* Alamofire.xcodeproj */;
				},
			);
			projectRoot = "";
			targets = (
				119E07CD1AF4571300705A09 /* XimalayaDownloader */,
				119E07DF1AF4571300705A09 /* XimalayaDownloaderTests */,
			);
		};
/* End PBXProject section */

/* Begin PBXReferenceProxy section */
		119E08211AF7C61200705A09 /* Alamofire.framework */ = {
			isa = PBXReferenceProxy;
			fileType = wrapper.framework;
			path = Alamofire.framework;
			remoteRef = 119E08201AF7C61200705A09 /* PBXContainerItemProxy */;
			sourceTree = BUILT_PRODUCTS_DIR;
		};
		119E08231AF7C61200705A09 /* Alamofire.framework */ = {
			isa = PBXReferenceProxy;
			fileType = wrapper.framework;
			path = Alamofire.framework;
			remoteRef = 119E08221AF7C61200705A09 /* PBXContainerItemProxy */;
			sourceTree = BUILT_PRODUCTS_DIR;
		};
		119E08251AF7C61200705A09 /* Alamofire iOS Tests.xctest */ = {
			isa = PBXReferenceProxy;
			fileType = wrapper.cfbundle;
			path = "Alamofire iOS Tests.xctest";
			remoteRef = 119E08241AF7C61200705A09 /* PBXContainerItemProxy */;
			sourceTree = BUILT_PRODUCTS_DIR;
		};
		119E08271AF7C61200705A09 /* Alamofire OSX Tests.xctest */ = {
			isa = PBXReferenceProxy;
			fileType = wrapper.cfbundle;
			path = "Alamofire OSX Tests.xctest";
			remoteRef = 119E08261AF7C61200705A09 /* PBXContainerItemProxy */;
			sourceTree = BUILT_PRODUCTS_DIR;
		};
/* End PBXReferenceProxy section */

/* Begin PBXResourcesBuildPhase section */
		119E07CC1AF4571300705A09 /* Resources */ = {
			isa = PBXResourcesBuildPhase;
			buildActionMask = 2147483647;
			files = (
				119E07D81AF4571300705A09 /* Images.xcassets in Resources */,
				119E07DB1AF4571300705A09 /* Main.storyboard in Resources */,
			);
			runOnlyForDeploymentPostprocessing = 0;
		};
		119E07DE1AF4571300705A09 /* Resources */ = {
			isa = PBXResourcesBuildPhase;
			buildActionMask = 2147483647;
			files = (
			);
			runOnlyForDeploymentPostprocessing = 0;
		};
/* End PBXResourcesBuildPhase section */

/* Begin PBXSourcesBuildPhase section */
		119E07CA1AF4571300705A09 /* Sources */ = {
			isa = PBXSourcesBuildPhase;
			buildActionMask = 2147483647;
			files = (
				119E07D61AF4571300705A09 /* ViewController.swift in Sources */,
				119E08381AF7CF8300705A09 /* Regex.swift in Sources */,
				119E07FB1AF7AEEC00705A09 /* HTMLParser.swift in Sources */,
				119E07D41AF4571300705A09 /* AppDelegate.swift in Sources */,
				119E07FA1AF7AEEC00705A09 /* HTMLNode.swift in Sources */,
			);
			runOnlyForDeploymentPostprocessing = 0;
		};
		119E07DC1AF4571300705A09 /* Sources */ = {
			isa = PBXSourcesBuildPhase;
			buildActionMask = 2147483647;
			files = (
				119E07E71AF4571300705A09 /* XimalayaDownloaderTests.swift in Sources */,
			);
			runOnlyForDeploymentPostprocessing = 0;
		};
/* End PBXSourcesBuildPhase section */

/* Begin PBXTargetDependency section */
		119E07E21AF4571300705A09 /* PBXTargetDependency */ = {
			isa = PBXTargetDependency;
			target = 119E07CD1AF4571300705A09 /* XimalayaDownloader */;
			targetProxy = 119E07E11AF4571300705A09 /* PBXContainerItemProxy */;
		};
		119E08351AF7C63200705A09 /* PBXTargetDependency */ = {
			isa = PBXTargetDependency;
			name = "Alamofire OSX";
			targetProxy = 119E08341AF7C63200705A09 /* PBXContainerItemProxy */;
		};
/* End PBXTargetDependency section */

/* Begin PBXVariantGroup section */
		119E07D91AF4571300705A09 /* Main.storyboard */ = {
			isa = PBXVariantGroup;
			children = (
				119E07DA1AF4571300705A09 /* Base */,
			);
			name = Main.storyboard;
			sourceTree = "<group>";
		};
/* End PBXVariantGroup section */

/* Begin XCBuildConfiguration section */
		119E07E81AF4571300705A09 /* Debug */ = {
			isa = XCBuildConfiguration;
			buildSettings = {
				ALWAYS_SEARCH_USER_PATHS = NO;
				CLANG_CXX_LANGUAGE_STANDARD = "gnu++0x";
				CLANG_CXX_LIBRARY = "libc++";
				CLANG_ENABLE_MODULES = YES;
				CLANG_ENABLE_OBJC_ARC = YES;
				CLANG_WARN_BOOL_CONVERSION = YES;
				CLANG_WARN_CONSTANT_CONVERSION = YES;
				CLANG_WARN_DIRECT_OBJC_ISA_USAGE = YES_ERROR;
				CLANG_WARN_EMPTY_BODY = YES;
				CLANG_WARN_ENUM_CONVERSION = YES;
				CLANG_WARN_INT_CONVERSION = YES;
				CLANG_WARN_OBJC_ROOT_CLASS = YES_ERROR;
				CLANG_WARN_UNREACHABLE_CODE = YES;
				CLANG_WARN__DUPLICATE_METHOD_MATCH = YES;
				CODE_SIGN_IDENTITY = "-";
				COPY_PHASE_STRIP = NO;
				DEBUG_INFORMATION_FORMAT = dwarf;
				ENABLE_STRICT_OBJC_MSGSEND = YES;
				GCC_C_LANGUAGE_STANDARD = gnu99;
				GCC_DYNAMIC_NO_PIC = NO;
				GCC_NO_COMMON_BLOCKS = YES;
				GCC_OPTIMIZATION_LEVEL = 0;
				GCC_PREPROCESSOR_DEFINITIONS = (
					"DEBUG=1",
					"$(inherited)",
				);
				GCC_SYMBOLS_PRIVATE_EXTERN = NO;
				GCC_WARN_64_TO_32_BIT_CONVERSION = YES;
				GCC_WARN_ABOUT_RETURN_TYPE = YES_ERROR;
				GCC_WARN_UNDECLARED_SELECTOR = YES;
				GCC_WARN_UNINITIALIZED_AUTOS = YES_AGGRESSIVE;
				GCC_WARN_UNUSED_FUNCTION = YES;
				GCC_WARN_UNUSED_VARIABLE = YES;
				MACOSX_DEPLOYMENT_TARGET = 10.10;
				MTL_ENABLE_DEBUG_INFO = YES;
				ONLY_ACTIVE_ARCH = YES;
				SDKROOT = macosx;
				SWIFT_OPTIMIZATION_LEVEL = "-Onone";
			};
			name = Debug;
		};
		119E07E91AF4571300705A09 /* Release */ = {
			isa = XCBuildConfiguration;
			buildSettings = {
				ALWAYS_SEARCH_USER_PATHS = NO;
				CLANG_CXX_LANGUAGE_STANDARD = "gnu++0x";
				CLANG_CXX_LIBRARY = "libc++";
				CLANG_ENABLE_MODULES = YES;
				CLANG_ENABLE_OBJC_ARC = YES;
				CLANG_WARN_BOOL_CONVERSION = YES;
				CLANG_WARN_CONSTANT_CONVERSION = YES;
				CLANG_WARN_DIRECT_OBJC_ISA_USAGE = YES_ERROR;
				CLANG_WARN_EMPTY_BODY = YES;
				CLANG_WARN_ENUM_CONVERSION = YES;
				CLANG_WARN_INT_CONVERSION = YES;
				CLANG_WARN_OBJC_ROOT_CLASS = YES_ERROR;
				CLANG_WARN_UNREACHABLE_CODE = YES;
				CLANG_WARN__DUPLICATE_METHOD_MATCH = YES;
				CODE_SIGN_IDENTITY = "-";
				COPY_PHASE_STRIP = NO;
				DEBUG_INFORMATION_FORMAT = "dwarf-with-dsym";
				ENABLE_NS_ASSERTIONS = NO;
				ENABLE_STRICT_OBJC_MSGSEND = YES;
				GCC_C_LANGUAGE_STANDARD = gnu99;
				GCC_NO_COMMON_BLOCKS = YES;
				GCC_WARN_64_TO_32_BIT_CONVERSION = YES;
				GCC_WARN_ABOUT_RETURN_TYPE = YES_ERROR;
				GCC_WARN_UNDECLARED_SELECTOR = YES;
				GCC_WARN_UNINITIALIZED_AUTOS = YES_AGGRESSIVE;
				GCC_WARN_UNUSED_FUNCTION = YES;
				GCC_WARN_UNUSED_VARIABLE = YES;
				MACOSX_DEPLOYMENT_TARGET = 10.10;
				MTL_ENABLE_DEBUG_INFO = NO;
				SDKROOT = macosx;
			};
			name = Release;
		};
		119E07EB1AF4571300705A09 /* Debug */ = {
			isa = XCBuildConfiguration;
			buildSettings = {
				ASSETCATALOG_COMPILER_APPICON_NAME = AppIcon;
				COMBINE_HIDPI_IMAGES = YES;
				HEADER_SEARCH_PATHS = (
					"$(inherited)",
					/Applications/Xcode.app/Contents/Developer/Toolchains/XcodeDefault.xctoolchain/usr/include,
					/usr/include/libxml2,
				);
				INFOPLIST_FILE = XimalayaDownloader/Info.plist;
				LD_RUNPATH_SEARCH_PATHS = "$(inherited) @executable_path/../Frameworks";
				PRODUCT_NAME = "$(TARGET_NAME)";
				SWIFT_OBJC_BRIDGING_HEADER = "XimalayaDownloader/SwiftObjC-Bridging-Header.h";
			};
			name = Debug;
		};
		119E07EC1AF4571300705A09 /* Release */ = {
			isa = XCBuildConfiguration;
			buildSettings = {
				ASSETCATALOG_COMPILER_APPICON_NAME = AppIcon;
				COMBINE_HIDPI_IMAGES = YES;
				INFOPLIST_FILE = XimalayaDownloader/Info.plist;
				LD_RUNPATH_SEARCH_PATHS = "$(inherited) @executable_path/../Frameworks";
				PRODUCT_NAME = "$(TARGET_NAME)";
				SWIFT_OBJC_BRIDGING_HEADER = "XimalayaDownloader/SwiftObjC-Bridging-Header.h";
			};
			name = Release;
		};
		119E07EE1AF4571300705A09 /* Debug */ = {
			isa = XCBuildConfiguration;
			buildSettings = {
				BUNDLE_LOADER = "$(TEST_HOST)";
				COMBINE_HIDPI_IMAGES = YES;
				FRAMEWORK_SEARCH_PATHS = (
					"$(DEVELOPER_FRAMEWORKS_DIR)",
					"$(inherited)",
				);
				GCC_PREPROCESSOR_DEFINITIONS = (
					"DEBUG=1",
					"$(inherited)",
				);
				INFOPLIST_FILE = XimalayaDownloaderTests/Info.plist;
				LD_RUNPATH_SEARCH_PATHS = "$(inherited) @executable_path/../Frameworks @loader_path/../Frameworks";
				PRODUCT_NAME = "$(TARGET_NAME)";
				TEST_HOST = "$(BUILT_PRODUCTS_DIR)/XimalayaDownloader.app/Contents/MacOS/XimalayaDownloader";
			};
			name = Debug;
		};
		119E07EF1AF4571300705A09 /* Release */ = {
			isa = XCBuildConfiguration;
			buildSettings = {
				BUNDLE_LOADER = "$(TEST_HOST)";
				COMBINE_HIDPI_IMAGES = YES;
				FRAMEWORK_SEARCH_PATHS = (
					"$(DEVELOPER_FRAMEWORKS_DIR)",
					"$(inherited)",
				);
				INFOPLIST_FILE = XimalayaDownloaderTests/Info.plist;
				LD_RUNPATH_SEARCH_PATHS = "$(inherited) @executable_path/../Frameworks @loader_path/../Frameworks";
				PRODUCT_NAME = "$(TARGET_NAME)";
				TEST_HOST = "$(BUILT_PRODUCTS_DIR)/XimalayaDownloader.app/Contents/MacOS/XimalayaDownloader";
			};
			name = Release;
		};
/* End XCBuildConfiguration section */

/* Begin XCConfigurationList section */
		119E07C91AF4571300705A09 /* Build configuration list for PBXProject "XimalayaDownloader" */ = {
			isa = XCConfigurationList;
			buildConfigurations = (
				119E07E81AF4571300705A09 /* Debug */,
				119E07E91AF4571300705A09 /* Release */,
			);
			defaultConfigurationIsVisible = 0;
			defaultConfigurationName = Release;
		};
		119E07EA1AF4571300705A09 /* Build configuration list for PBXNativeTarget "XimalayaDownloader" */ = {
			isa = XCConfigurationList;
			buildConfigurations = (
				119E07EB1AF4571300705A09 /* Debug */,
				119E07EC1AF4571300705A09 /* Release */,
			);
			defaultConfigurationIsVisible = 0;
		};
		119E07ED1AF4571300705A09 /* Build configuration list for PBXNativeTarget "XimalayaDownloaderTests" */ = {
			isa = XCConfigurationList;
			buildConfigurations = (
				119E07EE1AF4571300705A09 /* Debug */,
				119E07EF1AF4571300705A09 /* Release */,
			);
			defaultConfigurationIsVisible = 0;
		};
/* End XCConfigurationList section */
	};
	rootObject = 119E07C61AF4571300705A09 /* Project object */;
}
